
Microsoft Visual Studio Solution File, Format Version 12.00
# Visual Studio Version 17
VisualStudioVersion = 17.2.32519.379
MinimumVisualStudioVersion = 10.0.40219.1
Project("{8BC9CEB8-8B4A-11D0-8D11-00A0C91BC942}") = "test_1_6", "test_1_6\test_1_6.vcxproj", "{3358E8BC-3174-42E5-BE91-D2295A7A8C63}"
EndProject
Global
	GlobalSection(SolutionConfigurationPlatforms) = preSolution
		Debug|x64 = Debug|x64
		Debug|x86 = Debug|x86
		Release|x64 = Release|x64
		Release|x86 = Release|x86
	EndGlobalSection
	GlobalSection(ProjectConfigurationPlatforms) = postSolution
		{3358E8BC-3174-42E5-BE91-D2295A7A8C63}.Debug|x64.ActiveCfg = Debug|x64
		{3358E8BC-3174-42E5-BE91-D2295A7A8C63}.Debug|x64.Build.0 = Debug|x64
		{3358E8BC-3174-42E5-BE91-D2295A7A8C63}.Debug|x86.ActiveCfg = Debug|Win32
		{3358E8BC-3174-42E5-BE91-D2295A7A8C63}.Debug|x86.Build.0 = Debug|Win32
		{3358E8BC-3174-42E5-BE91-D2295A7A8C63}.Release|x64.ActiveCfg = Release|x64
		{3358E8BC-3174-42E5-BE91-D2295A7A8C63}.Release|x64.Build.0 = Release|x64
		{3358E8BC-3174-42E5-BE91-D2295A7A8C63}.Release|x86.ActiveCfg = Release|Win32
		{3358E8BC-3174-42E5-BE91-D2295A7A8C63}.Release|x86.Build.0 = Release|Win32
	EndGlobalSection
	GlobalSection(SolutionProperties) = preSolution
		HideSolutionNode = FALSE
	EndGlobalSection
	GlobalSection(ExtensibilityGlobals) = postSolution
		SolutionGuid = {38D04D0C-94A8-4F8E-AFA5-89F93BF272B9}
	EndGlobalSection
EndGlobal
