
Microsoft Visual Studio Solution File, Format Version 12.00
# Visual Studio Version 17
VisualStudioVersion = 17.2.32519.379
MinimumVisualStudioVersion = 10.0.40219.1
Project("{8BC9CEB8-8B4A-11D0-8D11-00A0C91BC942}") = "test_12_27", "test_12_27\test_12_27.vcxproj", "{6B25D813-3141-4B5B-821E-ABF899B2C5DB}"
EndProject
Global
	GlobalSection(SolutionConfigurationPlatforms) = preSolution
		Debug|x64 = Debug|x64
		Debug|x86 = Debug|x86
		Release|x64 = Release|x64
		Release|x86 = Release|x86
	EndGlobalSection
	GlobalSection(ProjectConfigurationPlatforms) = postSolution
		{6B25D813-3141-4B5B-821E-ABF899B2C5DB}.Debug|x64.ActiveCfg = Debug|x64
		{6B25D813-3141-4B5B-821E-ABF899B2C5DB}.Debug|x64.Build.0 = Debug|x64
		{6B25D813-3141-4B5B-821E-ABF899B2C5DB}.Debug|x86.ActiveCfg = Debug|Win32
		{6B25D813-3141-4B5B-821E-ABF899B2C5DB}.Debug|x86.Build.0 = Debug|Win32
		{6B25D813-3141-4B5B-821E-ABF899B2C5DB}.Release|x64.ActiveCfg = Release|x64
		{6B25D813-3141-4B5B-821E-ABF899B2C5DB}.Release|x64.Build.0 = Release|x64
		{6B25D813-3141-4B5B-821E-ABF899B2C5DB}.Release|x86.ActiveCfg = Release|Win32
		{6B25D813-3141-4B5B-821E-ABF899B2C5DB}.Release|x86.Build.0 = Release|Win32
	EndGlobalSection
	GlobalSection(SolutionProperties) = preSolution
		HideSolutionNode = FALSE
	EndGlobalSection
	GlobalSection(ExtensibilityGlobals) = postSolution
		SolutionGuid = {2C3DD139-4F48-4917-BB68-3F593D1218D5}
	EndGlobalSection
EndGlobal
